// !$*UTF8*$!
{
	archiveVersion = 1;
	classes = {
	};
	objectVersion = 44;
	objects = {

/* Begin PBXBuildFile section */
		8D11072B0486CEB800E47090 /* InfoPlist.strings in Resources */ = {isa = PBXBuildFile; fileRef = 089C165CFE840E0CC02AAC07 /* InfoPlist.strings */; };
		8D11072D0486CEB800E47090 /* main.m in Sources */ = {isa = PBXBuildFile; fileRef = 29B97316FDCFA39411CA2CEA /* main.m */; settings = {ATTRIBUTES = (); }; };
		8D11072F0486CEB800E47090 /* Cocoa.framework in Frameworks */ = {isa = PBXBuildFile; fileRef = 1058C7A1FEA54F0111CA2CBB /* Cocoa.framework */; };
		DAA4E99E0A6C99F500F97C3E /* StickiesWithCoreData.xcdatamodel in Sources */ = {isa = PBXBuildFile; fileRef = DAA4E99D0A6C99F500F97C3E /* StickiesWithCoreData.xcdatamodel */; };
		DAA4E9A90A6C9A3500F97C3E /* AppDelegate.m in Sources */ = {isa = PBXBuildFile; fileRef = DAA4E9A00A6C9A3500F97C3E /* AppDelegate.m */; };
		DAA4E9AA0A6C9A3500F97C3E /* Sticky.m in Sources */ = {isa = PBXBuildFile; fileRef = DAA4E9A20A6C9A3500F97C3E /* Sticky.m */; };
		DAA4E9AB0A6C9A3500F97C3E /* StickyResizeCornerView.m in Sources */ = {isa = PBXBuildFile; fileRef = DAA4E9A40A6C9A3500F97C3E /* StickyResizeCornerView.m */; };
		DAA4E9AC0A6C9A3500F97C3E /* StickyTitleBarView.m in Sources */ = {isa = PBXBuildFile; fileRef = DAA4E9A60A6C9A3500F97C3E /* StickyTitleBarView.m */; };
		DAA4E9AD0A6C9A3500F97C3E /* StickyWindow.m in Sources */ = {isa = PBXBuildFile; fileRef = DAA4E9A80A6C9A3500F97C3E /* StickyWindow.m */; };
		DAA4E9BA0A6C9A8600F97C3E /* ClientDescription.plist in Resources */ = {isa = PBXBuildFile; fileRef = DAA4E9B00A6C9A8600F97C3E /* ClientDescription.plist */; };
		DAA4E9BB0A6C9A8600F97C3E /* Stickies.icns in Resources */ = {isa = PBXBuildFile; fileRef = DAA4E9B10A6C9A8600F97C3E /* Stickies.icns */; };
		DAA4E9D90A6C9B3B00F97C3E /* MainMenu.nib in Resources */ = {isa = PBXBuildFile; fileRef = DAA4E9D50A6C9B3B00F97C3E /* MainMenu.nib */; };
		DAA4E9DA0A6C9B3B00F97C3E /* Sticky.nib in Resources */ = {isa = PBXBuildFile; fileRef = DAA4E9D70A6C9B3B00F97C3E /* Sticky.nib */; };
		DAA4EA560A6CA07200F97C3E /* SyncServices.framework in Frameworks */ = {isa = PBXBuildFile; fileRef = DAA4EA550A6CA07200F97C3E /* SyncServices.framework */; };
		DAA4EC880A6CBB5900F97C3E /* Stickies.syncschema in CopyFiles */ = {isa = PBXBuildFile; fileRef = DAA4EC7C0A6CBB5900F97C3E /* Stickies.syncschema */; };
		DAC9F09D0A78C3680094DD31 /* StickyWindowController.m in Sources */ = {isa = PBXBuildFile; fileRef = DAC9F09C0A78C3680094DD31 /* StickyWindowController.m */; };
/* End PBXBuildFile section */

/* Begin PBXCopyFilesBuildPhase section */
		06F1B08C103CBBFD002F0DFC /* CopyFiles */ = {
			isa = PBXCopyFilesBuildPhase;
			buildActionMask = 2147483647;
			dstPath = "~/Library/Application Support/SyncExamples";
			dstSubfolderSpec = 0;
			files = (
				DAA4EC880A6CBB5900F97C3E /* Stickies.syncschema in CopyFiles */,
			);
			runOnlyForDeploymentPostprocessing = 0;
		};
/* End PBXCopyFilesBuildPhase section */

/* Begin PBXFileReference section */
		06059C381007ACAC00549C7D /* ReadMe.txt */ = {isa = PBXFileReference; fileEncoding = 4; lastKnownFileType = text; path = ReadMe.txt; sourceTree = "<group>"; };
		089C165DFE840E0CC02AAC07 /* English */ = {isa = PBXFileReference; fileEncoding = 10; lastKnownFileType = text.plist.strings; name = English; path = English.lproj/InfoPlist.strings; sourceTree = "<group>"; };
		1058C7A1FEA54F0111CA2CBB /* Cocoa.framework */ = {isa = PBXFileReference; lastKnownFileType = wrapper.framework; name = Cocoa.framework; path = /System/Library/Frameworks/Cocoa.framework; sourceTree = "<absolute>"; };
		13E42FB307B3F0F600E4EEF1 /* CoreData.framework */ = {isa = PBXFileReference; lastKnownFileType = wrapper.framework; name = CoreData.framework; path = /System/Library/Frameworks/CoreData.framework; sourceTree = "<absolute>"; };
		29B97316FDCFA39411CA2CEA /* main.m */ = {isa = PBXFileReference; fileEncoding = 4; lastKnownFileType = sourcecode.c.objc; path = main.m; sourceTree = "<group>"; };
		29B97324FDCFA39411CA2CEA /* AppKit.framework */ = {isa = PBXFileReference; lastKnownFileType = wrapper.framework; name = AppKit.framework; path = /System/Library/Frameworks/AppKit.framework; sourceTree = "<absolute>"; };
		29B97325FDCFA39411CA2CEA /* Foundation.framework */ = {isa = PBXFileReference; lastKnownFileType = wrapper.framework; name = Foundation.framework; path = /System/Library/Frameworks/Foundation.framework; sourceTree = "<absolute>"; };
		32CA4F630368D1EE00C91783 /* PrefixHeader.pch */ = {isa = PBXFileReference; fileEncoding = 4; lastKnownFileType = sourcecode.c.h; path = PrefixHeader.pch; sourceTree = "<group>"; };
		8D1107310486CEB800E47090 /* Info.plist */ = {isa = PBXFileReference; fileEncoding = 4; lastKnownFileType = text.plist; path = Info.plist; sourceTree = "<group>"; };
		8D1107320486CEB800E47090 /* StickiesWithCoreData.app */ = {isa = PBXFileReference; explicitFileType = wrapper.application; includeInIndex = 0; path = StickiesWithCoreData.app; sourceTree = BUILT_PRODUCTS_DIR; };
		DAA4E99D0A6C99F500F97C3E /* StickiesWithCoreData.xcdatamodel */ = {isa = PBXFileReference; fileEncoding = 30; lastKnownFileType = wrapper.xcdatamodel; path = StickiesWithCoreData.xcdatamodel; sourceTree = "<group>"; };
		DAA4E99F0A6C9A3500F97C3E /* AppDelegate.h */ = {isa = PBXFileReference; fileEncoding = 30; lastKnownFileType = sourcecode.c.h; path = AppDelegate.h; sourceTree = "<group>"; };
		DAA4E9A00A6C9A3500F97C3E /* AppDelegate.m */ = {isa = PBXFileReference; fileEncoding = 30; lastKnownFileType = sourcecode.c.objc; path = AppDelegate.m; sourceTree = "<group>"; };
		DAA4E9A10A6C9A3500F97C3E /* Sticky.h */ = {isa = PBXFileReference; fileEncoding = 30; lastKnownFileType = sourcecode.c.h; path = Sticky.h; sourceTree = "<group>"; };
		DAA4E9A20A6C9A3500F97C3E /* Sticky.m */ = {isa = PBXFileReference; fileEncoding = 30; lastKnownFileType = sourcecode.c.objc; path = Sticky.m; sourceTree = "<group>"; };
		DAA4E9A30A6C9A3500F97C3E /* StickyResizeCornerView.h */ = {isa = PBXFileReference; fileEncoding = 30; lastKnownFileType = sourcecode.c.h; path = StickyResizeCornerView.h; sourceTree = "<group>"; };
		DAA4E9A40A6C9A3500F97C3E /* StickyResizeCornerView.m */ = {isa = PBXFileReference; fileEncoding = 30; lastKnownFileType = sourcecode.c.objc; path = StickyResizeCornerView.m; sourceTree = "<group>"; };
		DAA4E9A50A6C9A3500F97C3E /* StickyTitleBarView.h */ = {isa = PBXFileReference; fileEncoding = 30; lastKnownFileType = sourcecode.c.h; path = StickyTitleBarView.h; sourceTree = "<group>"; };
		DAA4E9A60A6C9A3500F97C3E /* StickyTitleBarView.m */ = {isa = PBXFileReference; fileEncoding = 30; lastKnownFileType = sourcecode.c.objc; path = StickyTitleBarView.m; sourceTree = "<group>"; };
		DAA4E9A70A6C9A3500F97C3E /* StickyWindow.h */ = {isa = PBXFileReference; fileEncoding = 30; lastKnownFileType = sourcecode.c.h; path = StickyWindow.h; sourceTree = "<group>"; };
		DAA4E9A80A6C9A3500F97C3E /* StickyWindow.m */ = {isa = PBXFileReference; fileEncoding = 30; lastKnownFileType = sourcecode.c.objc; path = StickyWindow.m; sourceTree = "<group>"; };
		DAA4E9B00A6C9A8600F97C3E /* ClientDescription.plist */ = {isa = PBXFileReference; fileEncoding = 30; lastKnownFileType = text.plist.xml; path = ClientDescription.plist; sourceTree = "<group>"; };
		DAA4E9B10A6C9A8600F97C3E /* Stickies.icns */ = {isa = PBXFileReference; lastKnownFileType = image.icns; path = Stickies.icns; sourceTree = "<group>"; };
		DAA4E9D60A6C9B3B00F97C3E /* English */ = {isa = PBXFileReference; lastKnownFileType = wrapper.nib; name = English; path = English.lproj/MainMenu.nib; sourceTree = "<group>"; };
		DAA4E9D80A6C9B3B00F97C3E /* English */ = {isa = PBXFileReference; lastKnownFileType = wrapper.nib; name = English; path = English.lproj/Sticky.nib; sourceTree = "<group>"; };
		DAA4EA550A6CA07200F97C3E /* SyncServices.framework */ = {isa = PBXFileReference; lastKnownFileType = wrapper.framework; name = SyncServices.framework; path = /System/Library/Frameworks/SyncServices.framework; sourceTree = "<absolute>"; };
		DAA4EC7C0A6CBB5900F97C3E /* Stickies.syncschema */ = {isa = PBXFileReference; lastKnownFileType = folder; path = Stickies.syncschema; sourceTree = "<group>"; };
		DAC9F09B0A78C3680094DD31 /* StickyWindowController.h */ = {isa = PBXFileReference; fileEncoding = 4; lastKnownFileType = sourcecode.c.h; path = StickyWindowController.h; sourceTree = "<group>"; };
		DAC9F09C0A78C3680094DD31 /* StickyWindowController.m */ = {isa = PBXFileReference; fileEncoding = 4; lastKnownFileType = sourcecode.c.objc; path = StickyWindowController.m; sourceTree = "<group>"; };
/* End PBXFileReference section */

/* Begin PBXFrameworksBuildPhase section */
		8D11072E0486CEB800E47090 /* Frameworks */ = {
			isa = PBXFrameworksBuildPhase;
			buildActionMask = 2147483647;
			files = (
				8D11072F0486CEB800E47090 /* Cocoa.framework in Frameworks */,
				DAA4EA560A6CA07200F97C3E /* SyncServices.framework in Frameworks */,
			);
			runOnlyForDeploymentPostprocessing = 0;
		};
/* End PBXFrameworksBuildPhase section */

/* Begin PBXGroup section */
		080E96DDFE201D6D7F000001 /* Classes */ = {
			isa = PBXGroup;
			children = (
				DAA4E99F0A6C9A3500F97C3E /* AppDelegate.h */,
				DAA4E9A00A6C9A3500F97C3E /* AppDelegate.m */,
				DAA4E9A10A6C9A3500F97C3E /* Sticky.h */,
				DAA4E9A20A6C9A3500F97C3E /* Sticky.m */,
				DAA4E9A30A6C9A3500F97C3E /* StickyResizeCornerView.h */,
				DAA4E9A40A6C9A3500F97C3E /* StickyResizeCornerView.m */,
				DAA4E9A50A6C9A3500F97C3E /* StickyTitleBarView.h */,
				DAA4E9A60A6C9A3500F97C3E /* StickyTitleBarView.m */,
				DAA4E9A70A6C9A3500F97C3E /* StickyWindow.h */,
				DAA4E9A80A6C9A3500F97C3E /* StickyWindow.m */,
				DAC9F09B0A78C3680094DD31 /* StickyWindowController.h */,
				DAC9F09C0A78C3680094DD31 /* StickyWindowController.m */,
			);
			name = Classes;
			sourceTree = "<group>";
		};
		1058C7A0FEA54F0111CA2CBB /* Linked Frameworks */ = {
			isa = PBXGroup;
			children = (
				DAA4EA550A6CA07200F97C3E /* SyncServices.framework */,
				1058C7A1FEA54F0111CA2CBB /* Cocoa.framework */,
			);
			name = "Linked Frameworks";
			sourceTree = "<group>";
		};
		1058C7A2FEA54F0111CA2CBB /* Other Frameworks */ = {
			isa = PBXGroup;
			children = (
				29B97324FDCFA39411CA2CEA /* AppKit.framework */,
				13E42FB307B3F0F600E4EEF1 /* CoreData.framework */,
				29B97325FDCFA39411CA2CEA /* Foundation.framework */,
			);
			name = "Other Frameworks";
			sourceTree = "<group>";
		};
		19C28FACFE9D520D11CA2CBB /* Products */ = {
			isa = PBXGroup;
			children = (
				8D1107320486CEB800E47090 /* StickiesWithCoreData.app */,
			);
			name = Products;
			sourceTree = "<group>";
		};
		29B97314FDCFA39411CA2CEA /* FancyStickiesUsingCoreData */ = {
			isa = PBXGroup;
			children = (
				06059C381007ACAC00549C7D /* ReadMe.txt */,
				DAA4E99B0A6C99C400F97C3E /* Models */,
				080E96DDFE201D6D7F000001 /* Classes */,
				29B97315FDCFA39411CA2CEA /* Other Sources */,
				29B97317FDCFA39411CA2CEA /* Resources */,
				29B97323FDCFA39411CA2CEA /* Frameworks */,
				19C28FACFE9D520D11CA2CBB /* Products */,
			);
			name = FancyStickiesUsingCoreData;
			sourceTree = "<group>";
		};
		29B97315FDCFA39411CA2CEA /* Other Sources */ = {
			isa = PBXGroup;
			children = (
				32CA4F630368D1EE00C91783 /* PrefixHeader.pch */,
				29B97316FDCFA39411CA2CEA /* main.m */,
			);
			name = "Other Sources";
			sourceTree = "<group>";
		};
		29B97317FDCFA39411CA2CEA /* Resources */ = {
			isa = PBXGroup;
			children = (
				DAA4E9D50A6C9B3B00F97C3E /* MainMenu.nib */,
				DAA4E9D70A6C9B3B00F97C3E /* Sticky.nib */,
				DAA4E9B10A6C9A8600F97C3E /* Stickies.icns */,
				8D1107310486CEB800E47090 /* Info.plist */,
				089C165CFE840E0CC02AAC07 /* InfoPlist.strings */,
				DAA4E9B00A6C9A8600F97C3E /* ClientDescription.plist */,
				DAA4EC7C0A6CBB5900F97C3E /* Stickies.syncschema */,
			);
			name = Resources;
			sourceTree = "<group>";
		};
		29B97323FDCFA39411CA2CEA /* Frameworks */ = {
			isa = PBXGroup;
			children = (
				1058C7A0FEA54F0111CA2CBB /* Linked Frameworks */,
				1058C7A2FEA54F0111CA2CBB /* Other Frameworks */,
			);
			name = Frameworks;
			sourceTree = "<group>";
		};
		DAA4E99B0A6C99C400F97C3E /* Models */ = {
			isa = PBXGroup;
			children = (
				DAA4E99D0A6C99F500F97C3E /* StickiesWithCoreData.xcdatamodel */,
			);
			name = Models;
			sourceTree = "<group>";
		};
/* End PBXGroup section */

/* Begin PBXNativeTarget section */
		8D1107260486CEB800E47090 /* StickiesWithCoreData */ = {
			isa = PBXNativeTarget;
			buildConfigurationList = C01FCF4A08A954540054247B /* Build configuration list for PBXNativeTarget "StickiesWithCoreData" */;
			buildPhases = (
				8D1107290486CEB800E47090 /* Resources */,
				8D11072C0486CEB800E47090 /* Sources */,
				8D11072E0486CEB800E47090 /* Frameworks */,
				06F1B08C103CBBFD002F0DFC /* CopyFiles */,
				06F1B072103CBBAC002F0DFC /* ShellScript */,
			);
			buildRules = (
			);
			dependencies = (
			);
			name = StickiesWithCoreData;
			productInstallPath = "$(HOME)/Applications";
			productName = FancyStickiesUsingCoreData;
			productReference = 8D1107320486CEB800E47090 /* StickiesWithCoreData.app */;
			productType = "com.apple.product-type.application";
		};
/* End PBXNativeTarget section */

/* Begin PBXProject section */
		29B97313FDCFA39411CA2CEA /* Project object */ = {
			isa = PBXProject;
			buildConfigurationList = C01FCF4E08A954540054247B /* Build configuration list for PBXProject "StickiesWithCoreData" */;
			compatibilityVersion = "Xcode 3.0";
			hasScannedForEncodings = 1;
			mainGroup = 29B97314FDCFA39411CA2CEA /* FancyStickiesUsingCoreData */;
			projectDirPath = "";
			projectRoot = "";
			targets = (
				8D1107260486CEB800E47090 /* StickiesWithCoreData */,
			);
		};
/* End PBXProject section */

/* Begin PBXResourcesBuildPhase section */
		8D1107290486CEB800E47090 /* Resources */ = {
			isa = PBXResourcesBuildPhase;
			buildActionMask = 2147483647;
			files = (
				8D11072B0486CEB800E47090 /* InfoPlist.strings in Resources */,
				DAA4E9BA0A6C9A8600F97C3E /* ClientDescription.plist in Resources */,
				DAA4E9BB0A6C9A8600F97C3E /* Stickies.icns in Resources */,
				DAA4E9D90A6C9B3B00F97C3E /* MainMenu.nib in Resources */,
				DAA4E9DA0A6C9B3B00F97C3E /* Sticky.nib in Resources */,
			);
			runOnlyForDeploymentPostprocessing = 0;
		};
/* End PBXResourcesBuildPhase section */

/* Begin PBXShellScriptBuildPhase section */
		06F1B072103CBBAC002F0DFC /* ShellScript */ = {
			isa = PBXShellScriptBuildPhase;
			buildActionMask = 2147483647;
			files = (
			);
			inputPaths = (
			);
			outputPaths = (
			);
			runOnlyForDeploymentPostprocessing = 0;
			shellPath = /bin/sh;
			shellScript = "/Developer/usr/bin/momc StickiesWithCoreData.xcdatamodel ~/Library/Application\\ Support/SyncExamples/StickiesWithCoreData.mom";
		};
/* End PBXShellScriptBuildPhase section */

/* Begin PBXSourcesBuildPhase section */
		8D11072C0486CEB800E47090 /* Sources */ = {
			isa = PBXSourcesBuildPhase;
			buildActionMask = 2147483647;
			files = (
				8D11072D0486CEB800E47090 /* main.m in Sources */,
				DAA4E99E0A6C99F500F97C3E /* StickiesWithCoreData.xcdatamodel in Sources */,
				DAA4E9A90A6C9A3500F97C3E /* AppDelegate.m in Sources */,
				DAA4E9AA0A6C9A3500F97C3E /* Sticky.m in Sources */,
				DAA4E9AB0A6C9A3500F97C3E /* StickyResizeCornerView.m in Sources */,
				DAA4E9AC0A6C9A3500F97C3E /* StickyTitleBarView.m in Sources */,
				DAA4E9AD0A6C9A3500F97C3E /* StickyWindow.m in Sources */,
				DAC9F09D0A78C3680094DD31 /* StickyWindowController.m in Sources */,
			);
			runOnlyForDeploymentPostprocessing = 0;
		};
/* End PBXSourcesBuildPhase section */

/* Begin PBXVariantGroup section */
		089C165CFE840E0CC02AAC07 /* InfoPlist.strings */ = {
			isa = PBXVariantGroup;
			children = (
				089C165DFE840E0CC02AAC07 /* English */,
			);
			name = InfoPlist.strings;
			sourceTree = "<group>";
		};
		DAA4E9D50A6C9B3B00F97C3E /* MainMenu.nib */ = {
			isa = PBXVariantGroup;
			children = (
				DAA4E9D60A6C9B3B00F97C3E /* English */,
			);
			name = MainMenu.nib;
			sourceTree = "<group>";
		};
		DAA4E9D70A6C9B3B00F97C3E /* Sticky.nib */ = {
			isa = PBXVariantGroup;
			children = (
				DAA4E9D80A6C9B3B00F97C3E /* English */,
			);
			name = Sticky.nib;
			sourceTree = "<group>";
		};
/* End PBXVariantGroup section */

/* Begin XCBuildConfiguration section */
		C01FCF4B08A954540054247B /* Debug */ = {
			isa = XCBuildConfiguration;
			buildSettings = {
				COPY_PHASE_STRIP = NO;
				GCC_DYNAMIC_NO_PIC = NO;
				GCC_ENABLE_FIX_AND_CONTINUE = YES;
				GCC_ENABLE_OBJC_EXCEPTIONS = YES;
				GCC_FAST_OBJC_DISPATCH = YES;
				GCC_MODEL_TUNING = G5;
				GCC_OPTIMIZATION_LEVEL = 0;
				GCC_PREFIX_HEADER = PrefixHeader.pch;
				INFOPLIST_FILE = Info.plist;
				INSTALL_PATH = "$(HOME)/Applications";
				PRODUCT_NAME = StickiesWithCoreData;
				WRAPPER_EXTENSION = app;
				ZERO_LINK = YES;
			};
			name = Debug;
		};
		C01FCF4C08A954540054247B /* Release */ = {
			isa = XCBuildConfiguration;
			buildSettings = {
				ARCHS = (
					ppc,
					i386,
				);
				GCC_ENABLE_OBJC_EXCEPTIONS = YES;
				GCC_FAST_OBJC_DISPATCH = YES;
				GCC_GENERATE_DEBUGGING_SYMBOLS = NO;
				GCC_MODEL_TUNING = G5;
				GCC_PREFIX_HEADER = PrefixHeader.pch;
				INFOPLIST_FILE = Info.plist;
				INSTALL_PATH = "$(HOME)/Applications";
				PRODUCT_NAME = StickiesWithCoreData;
				WRAPPER_EXTENSION = app;
			};
			name = Release;
		};
		C01FCF4F08A954540054247B /* Debug */ = {
			isa = XCBuildConfiguration;
			buildSettings = {
				GCC_WARN_ABOUT_RETURN_TYPE = YES;
				GCC_WARN_UNUSED_VARIABLE = YES;
				MACOSX_DEPLOYMENT_TARGET = 10.5;
				PREBINDING = NO;
			};
			name = Debug;
		};
		C01FCF5008A954540054247B /* Release */ = {
			isa = XCBuildConfiguration;
			buildSettings = {
				GCC_WARN_ABOUT_RETURN_TYPE = YES;
				GCC_WARN_UNUSED_VARIABLE = YES;
				MACOSX_DEPLOYMENT_TARGET = 10.5;
				PREBINDING = NO;
			};
			name = Release;
		};
/* End XCBuildConfiguration section */

/* Begin XCConfigurationList section */
		C01FCF4A08A954540054247B /* Build configuration list for PBXNativeTarget "StickiesWithCoreData" */ = {
			isa = XCConfigurationList;
			buildConfigurations = (
				C01FCF4B08A954540054247B /* Debug */,
				C01FCF4C08A954540054247B /* Release */,
			);
			defaultConfigurationIsVisible = 0;
			defaultConfigurationName = Release;
		};
		C01FCF4E08A954540054247B /* Build configuration list for PBXProject "StickiesWithCoreData" */ = {
			isa = XCConfigurationList;
			buildConfigurations = (
				C01FCF4F08A954540054247B /* Debug */,
				C01FCF5008A954540054247B /* Release */,
			);
			defaultConfigurationIsVisible = 0;
			defaultConfigurationName = Release;
		};
/* End XCConfigurationList section */
	};
	rootObject = 29B97313FDCFA39411CA2CEA /* Project object */;
}
